// !$*UTF8*$!
{
	archiveVersion = 1;
	classes = {
	};
	objectVersion = 50;
	objects = {

/* Begin PBXBuildFile section */
		AE505F77264714B8003CCFD1 /* AppDelegate.swift in Sources */ = {isa = PBXBuildFile; fileRef = AE505F76264714B8003CCFD1 /* AppDelegate.swift */; };
		AE505F79264714B8003CCFD1 /* SceneDelegate.swift in Sources */ = {isa = PBXBuildFile; fileRef = AE505F78264714B8003CCFD1 /* SceneDelegate.swift */; };
		AE505F7B264714B8003CCFD1 /* MainViewController.swift in Sources */ = {isa = PBXBuildFile; fileRef = AE505F7A264714B8003CCFD1 /* MainViewController.swift */; };
		AE505F7E264714B9003CCFD1 /* Main.storyboard in Resources */ = {isa = PBXBuildFile; fileRef = AE505F7C264714B9003CCFD1 /* Main.storyboard */; };
		AE505F80264714BD003CCFD1 /* Assets.xcassets in Resources */ = {isa = PBXBuildFile; fileRef = AE505F7F264714BD003CCFD1 /* Assets.xcassets */; };
		AE505F83264714BD003CCFD1 /* LaunchScreen.storyboard in Resources */ = {isa = PBXBuildFile; fileRef = AE505F81264714BD003CCFD1 /* LaunchScreen.storyboard */; };
		AE505F8B26471534003CCFD1 /* Forca.swift in Sources */ = {isa = PBXBuildFile; fileRef = AE505F8A26471534003CCFD1 /* Forca.swift */; };
		AE505F8D264718AC003CCFD1 /* ResultadoViewController.swift in Sources */ = {isa = PBXBuildFile; fileRef = AE505F8C264718AC003CCFD1 /* ResultadoViewController.swift */; };
		AE505F9D26473E1F003CCFD1 /* 0.png in Resources */ = {isa = PBXBuildFile; fileRef = AE505F9226473E1E003CCFD1 /* 0.png */; };
		AE505F9E26473E1F003CCFD1 /* 7.png in Resources */ = {isa = PBXBuildFile; fileRef = AE505F9326473E1E003CCFD1 /* 7.png */; };
		AE505F9F26473E1F003CCFD1 /* 6.png in Resources */ = {isa = PBXBuildFile; fileRef = AE505F9426473E1E003CCFD1 /* 6.png */; };
		AE505FA026473E1F003CCFD1 /* 9.png in Resources */ = {isa = PBXBuildFile; fileRef = AE505F9526473E1E003CCFD1 /* 9.png */; };
		AE505FA126473E1F003CCFD1 /* 3.png in Resources */ = {isa = PBXBuildFile; fileRef = AE505F9626473E1E003CCFD1 /* 3.png */; };
		AE505FA226473E1F003CCFD1 /* 4.png in Resources */ = {isa = PBXBuildFile; fileRef = AE505F9726473E1E003CCFD1 /* 4.png */; };
		AE505FA326473E1F003CCFD1 /* 2.png in Resources */ = {isa = PBXBuildFile; fileRef = AE505F9826473E1E003CCFD1 /* 2.png */; };
		AE505FA426473E1F003CCFD1 /* 5.png in Resources */ = {isa = PBXBuildFile; fileRef = AE505F9926473E1E003CCFD1 /* 5.png */; };
		AE505FA526473E1F003CCFD1 /* 10.png in Resources */ = {isa = PBXBuildFile; fileRef = AE505F9A26473E1F003CCFD1 /* 10.png */; };
		AE505FA626473E1F003CCFD1 /* 1.png in Resources */ = {isa = PBXBuildFile; fileRef = AE505F9B26473E1F003CCFD1 /* 1.png */; };
		AE505FA726473E1F003CCFD1 /* 8.png in Resources */ = {isa = PBXBuildFile; fileRef = AE505F9C26473E1F003CCFD1 /* 8.png */; };
/* End PBXBuildFile section */

/* Begin PBXFileReference section */
		AE505F73264714B8003CCFD1 /* Jogo Forca.app */ = {isa = PBXFileReference; explicitFileType = wrapper.application; includeInIndex = 0; path = "Jogo Forca.app"; sourceTree = BUILT_PRODUCTS_DIR; };
		AE505F76264714B8003CCFD1 /* AppDelegate.swift */ = {isa = PBXFileReference; lastKnownFileType = sourcecode.swift; path = AppDelegate.swift; sourceTree = "<group>"; };
		AE505F78264714B8003CCFD1 /* SceneDelegate.swift */ = {isa = PBXFileReference; lastKnownFileType = sourcecode.swift; path = SceneDelegate.swift; sourceTree = "<group>"; };
		AE505F7A264714B8003CCFD1 /* MainViewController.swift */ = {isa = PBXFileReference; lastKnownFileType = sourcecode.swift; path = MainViewController.swift; sourceTree = "<group>"; };
		AE505F7D264714B9003CCFD1 /* Base */ = {isa = PBXFileReference; lastKnownFileType = file.storyboard; name = Base; path = Base.lproj/Main.storyboard; sourceTree = "<group>"; };
		AE505F7F264714BD003CCFD1 /* Assets.xcassets */ = {isa = PBXFileReference; lastKnownFileType = folder.assetcatalog; path = Assets.xcassets; sourceTree = "<group>"; };
		AE505F82264714BD003CCFD1 /* Base */ = {isa = PBXFileReference; lastKnownFileType = file.storyboard; name = Base; path = Base.lproj/LaunchScreen.storyboard; sourceTree = "<group>"; };
		AE505F84264714BD003CCFD1 /* Info.plist */ = {isa = PBXFileReference; lastKnownFileType = text.plist.xml; path = Info.plist; sourceTree = "<group>"; };
		AE505F8A26471534003CCFD1 /* Forca.swift */ = {isa = PBXFileReference; lastKnownFileType = sourcecode.swift; path = Forca.swift; sourceTree = "<group>"; };
		AE505F8C264718AC003CCFD1 /* ResultadoViewController.swift */ = {isa = PBXFileReference; lastKnownFileType = sourcecode.swift; path = ResultadoViewController.swift; sourceTree = "<group>"; };
		AE505F9226473E1E003CCFD1 /* 0.png */ = {isa = PBXFileReference; lastKnownFileType = image.png; name = 0.png; path = ../../../../Downloads/files_842021184422/0.png; sourceTree = "<group>"; };
		AE505F9326473E1E003CCFD1 /* 7.png */ = {isa = PBXFileReference; lastKnownFileType = image.png; name = 7.png; path = ../../../../Downloads/files_842021184422/7.png; sourceTree = "<group>"; };
		AE505F9426473E1E003CCFD1 /* 6.png */ = {isa = PBXFileReference; lastKnownFileType = image.png; name = 6.png; path = ../../../../Downloads/files_842021184422/6.png; sourceTree = "<group>"; };
		AE505F9526473E1E003CCFD1 /* 9.png */ = {isa = PBXFileReference; lastKnownFileType = image.png; name = 9.png; path = ../../../../Downloads/files_842021184422/9.png; sourceTree = "<group>"; };
		AE505F9626473E1E003CCFD1 /* 3.png */ = {isa = PBXFileReference; lastKnownFileType = image.png; name = 3.png; path = ../../../../Downloads/files_842021184422/3.png; sourceTree = "<group>"; };
		AE505F9726473E1E003CCFD1 /* 4.png */ = {isa = PBXFileReference; lastKnownFileType = image.png; name = 4.png; path = ../../../../Downloads/files_842021184422/4.png; sourceTree = "<group>"; };
		AE505F9826473E1E003CCFD1 /* 2.png */ = {isa = PBXFileReference; lastKnownFileType = image.png; name = 2.png; path = ../../../../Downloads/files_842021184422/2.png; sourceTree = "<group>"; };
		AE505F9926473E1E003CCFD1 /* 5.png */ = {isa = PBXFileReference; lastKnownFileType = image.png; name = 5.png; path = ../../../../Downloads/files_842021184422/5.png; sourceTree = "<group>"; };
		AE505F9A26473E1F003CCFD1 /* 10.png */ = {isa = PBXFileReference; lastKnownFileType = image.png; name = 10.png; path = ../../../../Downloads/files_842021184422/10.png; sourceTree = "<group>"; };
		AE505F9B26473E1F003CCFD1 /* 1.png */ = {isa = PBXFileReference; lastKnownFileType = image.png; name = 1.png; path = ../../../../Downloads/files_842021184422/1.png; sourceTree = "<group>"; };
		AE505F9C26473E1F003CCFD1 /* 8.png */ = {isa = PBXFileReference; lastKnownFileType = image.png; name = 8.png; path = ../../../../Downloads/files_842021184422/8.png; sourceTree = "<group>"; };
/* End PBXFileReference section */

/* Begin PBXFrameworksBuildPhase section */
		AE505F70264714B8003CCFD1 /* Frameworks */ = {
			isa = PBXFrameworksBuildPhase;
			buildActionMask = 2147483647;
			files = (
			);
			runOnlyForDeploymentPostprocessing = 0;
		};
/* End PBXFrameworksBuildPhase section */

/* Begin PBXGroup section */
		AE505F6A264714B8003CCFD1 = {
			isa = PBXGroup;
			children = (
				AE505F75264714B8003CCFD1 /* Jogo Forca */,
				AE505F74264714B8003CCFD1 /* Products */,
			);
			sourceTree = "<group>";
		};
		AE505F74264714B8003CCFD1 /* Products */ = {
			isa = PBXGroup;
			children = (
				AE505F73264714B8003CCFD1 /* Jogo Forca.app */,
			);
			name = Products;
			sourceTree = "<group>";
		};
		AE505F75264714B8003CCFD1 /* Jogo Forca */ = {
			isa = PBXGroup;
			children = (
				AE505F9126473DF3003CCFD1 /* assets */,
				AE505F90264718C8003CCFD1 /* controller */,
				AE505F8F264718C1003CCFD1 /* view */,
				AE505F8E264718BA003CCFD1 /* model */,
				AE505F76264714B8003CCFD1 /* AppDelegate.swift */,
				AE505F78264714B8003CCFD1 /* SceneDelegate.swift */,
				AE505F7F264714BD003CCFD1 /* Assets.xcassets */,
				AE505F84264714BD003CCFD1 /* Info.plist */,
			);
			path = "Jogo Forca";
			sourceTree = "<group>";
		};
		AE505F8E264718BA003CCFD1 /* model */ = {
			isa = PBXGroup;
			children = (
				AE505F8A26471534003CCFD1 /* Forca.swift */,
			);
			path = model;
			sourceTree = "<group>";
		};
		AE505F8F264718C1003CCFD1 /* view */ = {
			isa = PBXGroup;
			children = (
				AE505F81264714BD003CCFD1 /* LaunchScreen.storyboard */,
				AE505F7C264714B9003CCFD1 /* Main.storyboard */,
			);
			path = view;
			sourceTree = "<group>";
		};
		AE505F90264718C8003CCFD1 /* controller */ = {
			isa = PBXGroup;
			children = (
				AE505F8C264718AC003CCFD1 /* ResultadoViewController.swift */,
				AE505F7A264714B8003CCFD1 /* MainViewController.swift */,
			);
			path = controller;
			sourceTree = "<group>";
		};
		AE505F9126473DF3003CCFD1 /* assets */ = {
			isa = PBXGroup;
			children = (
				AE505F9226473E1E003CCFD1 /* 0.png */,
				AE505F9B26473E1F003CCFD1 /* 1.png */,
				AE505F9826473E1E003CCFD1 /* 2.png */,
				AE505F9626473E1E003CCFD1 /* 3.png */,
				AE505F9726473E1E003CCFD1 /* 4.png */,
				AE505F9926473E1E003CCFD1 /* 5.png */,
				AE505F9426473E1E003CCFD1 /* 6.png */,
				AE505F9326473E1E003CCFD1 /* 7.png */,
				AE505F9C26473E1F003CCFD1 /* 8.png */,
				AE505F9526473E1E003CCFD1 /* 9.png */,
				AE505F9A26473E1F003CCFD1 /* 10.png */,
			);
			path = assets;
			sourceTree = "<group>";
		};
/* End PBXGroup section */

/* Begin PBXNativeTarget section */
		AE505F72264714B8003CCFD1 /* Jogo Forca */ = {
			isa = PBXNativeTarget;
			buildConfigurationList = AE505F87264714BD003CCFD1 /* Build configuration list for PBXNativeTarget "Jogo Forca" */;
			buildPhases = (
				AE505F6F264714B8003CCFD1 /* Sources */,
				AE505F70264714B8003CCFD1 /* Frameworks */,
				AE505F71264714B8003CCFD1 /* Resources */,
			);
			buildRules = (
			);
			dependencies = (
			);
			name = "Jogo Forca";
			productName = "Jogo Forca";
			productReference = AE505F73264714B8003CCFD1 /* Jogo Forca.app */;
			productType = "com.apple.product-type.application";
		};
/* End PBXNativeTarget section */

/* Begin PBXProject section */
		AE505F6B264714B8003CCFD1 /* Project object */ = {
			isa = PBXProject;
			attributes = {
				LastSwiftUpdateCheck = 1250;
				LastUpgradeCheck = 1250;
				TargetAttributes = {
					AE505F72264714B8003CCFD1 = {
						CreatedOnToolsVersion = 12.5;
					};
				};
			};
			buildConfigurationList = AE505F6E264714B8003CCFD1 /* Build configuration list for PBXProject "Jogo Forca" */;
			compatibilityVersion = "Xcode 9.3";
			developmentRegion = en;
			hasScannedForEncodings = 0;
			knownRegions = (
				en,
				Base,
			);
			mainGroup = AE505F6A264714B8003CCFD1;
			productRefGroup = AE505F74264714B8003CCFD1 /* Products */;
			projectDirPath = "";
			projectRoot = "";
			targets = (
				AE505F72264714B8003CCFD1 /* Jogo Forca */,
			);
		};
/* End PBXProject section */

/* Begin PBXResourcesBuildPhase section */
		AE505F71264714B8003CCFD1 /* Resources */ = {
			isa = PBXResourcesBuildPhase;
			buildActionMask = 2147483647;
			files = (
				AE505FA426473E1F003CCFD1 /* 5.png in Resources */,
				AE505FA226473E1F003CCFD1 /* 4.png in Resources */,
				AE505FA526473E1F003CCFD1 /* 10.png in Resources */,
				AE505F9F26473E1F003CCFD1 /* 6.png in Resources */,
				AE505FA326473E1F003CCFD1 /* 2.png in Resources */,
				AE505FA626473E1F003CCFD1 /* 1.png in Resources */,
				AE505FA726473E1F003CCFD1 /* 8.png in Resources */,
				AE505F9D26473E1F003CCFD1 /* 0.png in Resources */,
				AE505FA026473E1F003CCFD1 /* 9.png in Resources */,
				AE505FA126473E1F003CCFD1 /* 3.png in Resources */,
				AE505F83264714BD003CCFD1 /* LaunchScreen.storyboard in Resources */,
				AE505F9E26473E1F003CCFD1 /* 7.png in Resources */,
				AE505F80264714BD003CCFD1 /* Assets.xcassets in Resources */,
				AE505F7E264714B9003CCFD1 /* Main.storyboard in Resources */,
			);
			runOnlyForDeploymentPostprocessing = 0;
		};
/* End PBXResourcesBuildPhase section */

/* Begin PBXSourcesBuildPhase section */
		AE505F6F264714B8003CCFD1 /* Sources */ = {
			isa = PBXSourcesBuildPhase;
			buildActionMask = 2147483647;
			files = (
				AE505F7B264714B8003CCFD1 /* MainViewController.swift in Sources */,
				AE505F8B26471534003CCFD1 /* Forca.swift in Sources */,
				AE505F8D264718AC003CCFD1 /* ResultadoViewController.swift in Sources */,
				AE505F77264714B8003CCFD1 /* AppDelegate.swift in Sources */,
				AE505F79264714B8003CCFD1 /* SceneDelegate.swift in Sources */,
			);
			runOnlyForDeploymentPostprocessing = 0;
		};
/* End PBXSourcesBuildPhase section */

/* Begin PBXVariantGroup section */
		AE505F7C264714B9003CCFD1 /* Main.storyboard */ = {
			isa = PBXVariantGroup;
			children = (
				AE505F7D264714B9003CCFD1 /* Base */,
			);
			name = Main.storyboard;
			sourceTree = "<group>";
		};
		AE505F81264714BD003CCFD1 /* LaunchScreen.storyboard */ = {
			isa = PBXVariantGroup;
			children = (
				AE505F82264714BD003CCFD1 /* Base */,
			);
			name = LaunchScreen.storyboard;
			sourceTree = "<group>";
		};
/* End PBXVariantGroup section */

/* Begin XCBuildConfiguration section */
		AE505F85264714BD003CCFD1 /* Debug */ = {
			isa = XCBuildConfiguration;
			buildSettings = {
				ALWAYS_SEARCH_USER_PATHS = NO;
				CLANG_ANALYZER_NONNULL = YES;
				CLANG_ANALYZER_NUMBER_OBJECT_CONVERSION = YES_AGGRESSIVE;
				CLANG_CXX_LANGUAGE_STANDARD = "gnu++14";
				CLANG_CXX_LIBRARY = "libc++";
				CLANG_ENABLE_MODULES = YES;
				CLANG_ENABLE_OBJC_ARC = YES;
				CLANG_ENABLE_OBJC_WEAK = YES;
				CLANG_WARN_BLOCK_CAPTURE_AUTORELEASING = YES;
				CLANG_WARN_BOOL_CONVERSION = YES;
				CLANG_WARN_COMMA = YES;
				CLANG_WARN_CONSTANT_CONVERSION = YES;
				CLANG_WARN_DEPRECATED_OBJC_IMPLEMENTATIONS = YES;
				CLANG_WARN_DIRECT_OBJC_ISA_USAGE = YES_ERROR;
				CLANG_WARN_DOCUMENTATION_COMMENTS = YES;
				CLANG_WARN_EMPTY_BODY = YES;
				CLANG_WARN_ENUM_CONVERSION = YES;
				CLANG_WARN_INFINITE_RECURSION = YES;
				CLANG_WARN_INT_CONVERSION = YES;
				CLANG_WARN_NON_LITERAL_NULL_CONVERSION = YES;
				CLANG_WARN_OBJC_IMPLICIT_RETAIN_SELF = YES;
				CLANG_WARN_OBJC_LITERAL_CONVERSION = YES;
				CLANG_WARN_OBJC_ROOT_CLASS = YES_ERROR;
				CLANG_WARN_QUOTED_INCLUDE_IN_FRAMEWORK_HEADER = YES;
				CLANG_WARN_RANGE_LOOP_ANALYSIS = YES;
				CLANG_WARN_STRICT_PROTOTYPES = YES;
				CLANG_WARN_SUSPICIOUS_MOVE = YES;
				CLANG_WARN_UNGUARDED_AVAILABILITY = YES_AGGRESSIVE;
				CLANG_WARN_UNREACHABLE_CODE = YES;
				CLANG_WARN__DUPLICATE_METHOD_MATCH = YES;
				COPY_PHASE_STRIP = NO;
				DEBUG_INFORMATION_FORMAT = dwarf;
				ENABLE_STRICT_OBJC_MSGSEND = YES;
				ENABLE_TESTABILITY = YES;
				GCC_C_LANGUAGE_STANDARD = gnu11;
				GCC_DYNAMIC_NO_PIC = NO;
				GCC_NO_COMMON_BLOCKS = YES;
				GCC_OPTIMIZATION_LEVEL = 0;
				GCC_PREPROCESSOR_DEFINITIONS = (
					"DEBUG=1",
					"$(inherited)",
				);
				GCC_WARN_64_TO_32_BIT_CONVERSION = YES;
				GCC_WARN_ABOUT_RETURN_TYPE = YES_ERROR;
				GCC_WARN_UNDECLARED_SELECTOR = YES;
				GCC_WARN_UNINITIALIZED_AUTOS = YES_AGGRESSIVE;
				GCC_WARN_UNUSED_FUNCTION = YES;
				GCC_WARN_UNUSED_VARIABLE = YES;
				IPHONEOS_DEPLOYMENT_TARGET = 14.5;
				MTL_ENABLE_DEBUG_INFO = INCLUDE_SOURCE;
				MTL_FAST_MATH = YES;
				ONLY_ACTIVE_ARCH = YES;
				SDKROOT = iphoneos;
				SWIFT_ACTIVE_COMPILATION_CONDITIONS = DEBUG;
				SWIFT_OPTIMIZATION_LEVEL = "-Onone";
			};
			name = Debug;
		};
		AE505F86264714BD003CCFD1 /* Release */ = {
			isa = XCBuildConfiguration;
			buildSettings = {
				ALWAYS_SEARCH_USER_PATHS = NO;
				CLANG_ANALYZER_NONNULL = YES;
				CLANG_ANALYZER_NUMBER_OBJECT_CONVERSION = YES_AGGRESSIVE;
				CLANG_CXX_LANGUAGE_STANDARD = "gnu++14";
				CLANG_CXX_LIBRARY = "libc++";
				CLANG_ENABLE_MODULES = YES;
				CLANG_ENABLE_OBJC_ARC = YES;
				CLANG_ENABLE_OBJC_WEAK = YES;
				CLANG_WARN_BLOCK_CAPTURE_AUTORELEASING = YES;
				CLANG_WARN_BOOL_CONVERSION = YES;
				CLANG_WARN_COMMA = YES;
				CLANG_WARN_CONSTANT_CONVERSION = YES;
				CLANG_WARN_DEPRECATED_OBJC_IMPLEMENTATIONS = YES;
				CLANG_WARN_DIRECT_OBJC_ISA_USAGE = YES_ERROR;
				CLANG_WARN_DOCUMENTATION_COMMENTS = YES;
				CLANG_WARN_EMPTY_BODY = YES;
				CLANG_WARN_ENUM_CONVERSION = YES;
				CLANG_WARN_INFINITE_RECURSION = YES;
				CLANG_WARN_INT_CONVERSION = YES;
				CLANG_WARN_NON_LITERAL_NULL_CONVERSION = YES;
				CLANG_WARN_OBJC_IMPLICIT_RETAIN_SELF = YES;
				CLANG_WARN_OBJC_LITERAL_CONVERSION = YES;
				CLANG_WARN_OBJC_ROOT_CLASS = YES_ERROR;
				CLANG_WARN_QUOTED_INCLUDE_IN_FRAMEWORK_HEADER = YES;
				CLANG_WARN_RANGE_LOOP_ANALYSIS = YES;
				CLANG_WARN_STRICT_PROTOTYPES = YES;
				CLANG_WARN_SUSPICIOUS_MOVE = YES;
				CLANG_WARN_UNGUARDED_AVAILABILITY = YES_AGGRESSIVE;
				CLANG_WARN_UNREACHABLE_CODE = YES;
				CLANG_WARN__DUPLICATE_METHOD_MATCH = YES;
				COPY_PHASE_STRIP = NO;
				DEBUG_INFORMATION_FORMAT = "dwarf-with-dsym";
				ENABLE_NS_ASSERTIONS = NO;
				ENABLE_STRICT_OBJC_MSGSEND = YES;
				GCC_C_LANGUAGE_STANDARD = gnu11;
				GCC_NO_COMMON_BLOCKS = YES;
				GCC_WARN_64_TO_32_BIT_CONVERSION = YES;
				GCC_WARN_ABOUT_RETURN_TYPE = YES_ERROR;
				GCC_WARN_UNDECLARED_SELECTOR = YES;
				GCC_WARN_UNINITIALIZED_AUTOS = YES_AGGRESSIVE;
				GCC_WARN_UNUSED_FUNCTION = YES;
				GCC_WARN_UNUSED_VARIABLE = YES;
				IPHONEOS_DEPLOYMENT_TARGET = 14.5;
				MTL_ENABLE_DEBUG_INFO = NO;
				MTL_FAST_MATH = YES;
				SDKROOT = iphoneos;
				SWIFT_COMPILATION_MODE = wholemodule;
				SWIFT_OPTIMIZATION_LEVEL = "-O";
				VALIDATE_PRODUCT = YES;
			};
			name = Release;
		};
		AE505F88264714BD003CCFD1 /* Debug */ = {
			isa = XCBuildConfiguration;
			buildSettings = {
				ASSETCATALOG_COMPILER_APPICON_NAME = AppIcon;
				ASSETCATALOG_COMPILER_GLOBAL_ACCENT_COLOR_NAME = AccentColor;
				CODE_SIGN_STYLE = Automatic;
				INFOPLIST_FILE = "Jogo Forca/Info.plist";
				LD_RUNPATH_SEARCH_PATHS = (
					"$(inherited)",
					"@executable_path/Frameworks",
				);
				PRODUCT_BUNDLE_IDENTIFIER = "br.edu.ifpb.pdm.Jogo-Forca";
				PRODUCT_NAME = "$(TARGET_NAME)";
				SWIFT_VERSION = 5.0;
				TARGETED_DEVICE_FAMILY = "1,2";
			};
			name = Debug;
		};
		AE505F89264714BD003CCFD1 /* Release */ = {
			isa = XCBuildConfiguration;
			buildSettings = {
				ASSETCATALOG_COMPILER_APPICON_NAME = AppIcon;
				ASSETCATALOG_COMPILER_GLOBAL_ACCENT_COLOR_NAME = AccentColor;
				CODE_SIGN_STYLE = Automatic;
				INFOPLIST_FILE = "Jogo Forca/Info.plist";
				LD_RUNPATH_SEARCH_PATHS = (
					"$(inherited)",
					"@executable_path/Frameworks",
				);
				PRODUCT_BUNDLE_IDENTIFIER = "br.edu.ifpb.pdm.Jogo-Forca";
				PRODUCT_NAME = "$(TARGET_NAME)";
				SWIFT_VERSION = 5.0;
				TARGETED_DEVICE_FAMILY = "1,2";
			};
			name = Release;
		};
/* End XCBuildConfiguration section */

/* Begin XCConfigurationList section */
		AE505F6E264714B8003CCFD1 /* Build configuration list for PBXProject "Jogo Forca" */ = {
			isa = XCConfigurationList;
			buildConfigurations = (
				AE505F85264714BD003CCFD1 /* Debug */,
				AE505F86264714BD003CCFD1 /* Release */,
			);
			defaultConfigurationIsVisible = 0;
			defaultConfigurationName = Release;
		};
		AE505F87264714BD003CCFD1 /* Build configuration list for PBXNativeTarget "Jogo Forca" */ = {
			isa = XCConfigurationList;
			buildConfigurations = (
				AE505F88264714BD003CCFD1 /* Debug */,
				AE505F89264714BD003CCFD1 /* Release */,
			);
			defaultConfigurationIsVisible = 0;
			defaultConfigurationName = Release;
		};
/* End XCConfigurationList section */
	};
	rootObject = AE505F6B264714B8003CCFD1 /* Project object */;
}
